Microsoft Visual Studio Solution File, Format Version 11.00
# Visual Studio 2008

Project("{67C141BB-506C-8033-3DC9-F7DCBD0E841D}") = "unity_game", "Assembly-CSharp-firstpass.csproj", "{D6137B81-AF7C-AF61-985D-EDDBBD13A647}"
EndProject
Project("{67C141BB-506C-8033-3DC9-F7DCBD0E841D}") = "unity_game", "Assembly-CSharp.csproj", "{CF35597D-89F4-D73B-0BA2-1C58402453C5}"
EndProject
Project("{67C141BB-506C-8033-3DC9-F7DCBD0E841D}") = "unity_game", "Assembly-UnityScript-firstpass.unityproj", "{B2F99EAF-FF4D-C89C-5E85-2BF208AEE369}"
EndProject
Project("{67C141BB-506C-8033-3DC9-F7DCBD0E841D}") = "unity_game", "Assembly-UnityScript.unityproj", "{9FA26D06-68EE-F858-D0E3-B83B7563778A}"
EndProject
Project("{67C141BB-506C-8033-3DC9-F7DCBD0E841D}") = "unity_game", "Assembly-UnityScript-Editor.unityproj", "{EE154AAA-35C1-9414-281A-6966225017DA}"
EndProject
Global
	GlobalSection(SolutionConfigurationPlatforms) = preSolution
		Debug|Any CPU = Debug|Any CPU
		Release|Any CPU = Release|Any CPU
	EndGlobalSection
	GlobalSection(ProjectConfigurationPlatforms) = postSolution
		{D6137B81-AF7C-AF61-985D-EDDBBD13A647}.Debug|Any CPU.ActiveCfg = Debug|Any CPU
		{D6137B81-AF7C-AF61-985D-EDDBBD13A647}.Debug|Any CPU.Build.0 = Debug|Any CPU
		{D6137B81-AF7C-AF61-985D-EDDBBD13A647}.Release|Any CPU.ActiveCfg = Release|Any CPU
		{D6137B81-AF7C-AF61-985D-EDDBBD13A647}.Release|Any CPU.Build.0 = Release|Any CPU
		{CF35597D-89F4-D73B-0BA2-1C58402453C5}.Debug|Any CPU.ActiveCfg = Debug|Any CPU
		{CF35597D-89F4-D73B-0BA2-1C58402453C5}.Debug|Any CPU.Build.0 = Debug|Any CPU
		{CF35597D-89F4-D73B-0BA2-1C58402453C5}.Release|Any CPU.ActiveCfg = Release|Any CPU
		{CF35597D-89F4-D73B-0BA2-1C58402453C5}.Release|Any CPU.Build.0 = Release|Any CPU
		{B2F99EAF-FF4D-C89C-5E85-2BF208AEE369}.Debug|Any CPU.ActiveCfg = Debug|Any CPU
		{B2F99EAF-FF4D-C89C-5E85-2BF208AEE369}.Debug|Any CPU.Build.0 = Debug|Any CPU
		{B2F99EAF-FF4D-C89C-5E85-2BF208AEE369}.Release|Any CPU.ActiveCfg = Release|Any CPU
		{B2F99EAF-FF4D-C89C-5E85-2BF208AEE369}.Release|Any CPU.Build.0 = Release|Any CPU
		{9FA26D06-68EE-F858-D0E3-B83B7563778A}.Debug|Any CPU.ActiveCfg = Debug|Any CPU
		{9FA26D06-68EE-F858-D0E3-B83B7563778A}.Debug|Any CPU.Build.0 = Debug|Any CPU
		{9FA26D06-68EE-F858-D0E3-B83B7563778A}.Release|Any CPU.ActiveCfg = Release|Any CPU
		{9FA26D06-68EE-F858-D0E3-B83B7563778A}.Release|Any CPU.Build.0 = Release|Any CPU
		{EE154AAA-35C1-9414-281A-6966225017DA}.Debug|Any CPU.ActiveCfg = Debug|Any CPU
		{EE154AAA-35C1-9414-281A-6966225017DA}.Debug|Any CPU.Build.0 = Debug|Any CPU
		{EE154AAA-35C1-9414-281A-6966225017DA}.Release|Any CPU.ActiveCfg = Release|Any CPU
		{EE154AAA-35C1-9414-281A-6966225017DA}.Release|Any CPU.Build.0 = Release|Any CPU
	EndGlobalSection
	GlobalSection(SolutionProperties) = preSolution
		HideSolutionNode = FALSE
	EndGlobalSection
																					GlobalSection(MonoDevelopProperties) = preSolution
		StartupItem = Assembly-CSharp.csproj
		Policies = $0
		$0.TextStylePolicy = $1
		$1.inheritsSet = null
		$1.scope = text/x-csharp
		$0.CSharpFormattingPolicy = $2
		$2.inheritsSet = Mono
		$2.inheritsScope = text/x-csharp
		$2.scope = text/x-csharp
		$0.TextStylePolicy = $3
		$3.FileWidth = 120
		$3.TabWidth = 4
		$3.EolMarker = Unix
		$3.inheritsSet = Mono
		$3.inheritsScope = text/plain
		$3.scope = text/plain
	EndGlobalSection

EndGlobal
